
Microsoft Visual Studio Solution File, Format Version 12.00
# Visual Studio Version 17
VisualStudioVersion = 17.7.34221.43
MinimumVisualStudioVersion = 10.0.40219.1
Project("{8BC9CEB8-8B4A-11D0-8D11-00A0C91BC942}") = "ConsoleApplication2", "ConsoleApplication2\ConsoleApplication2.vcxproj", "{B5ED5B68-2BE1-42FF-AB3E-A034BE4D4ACB}"
EndProject
Global
	GlobalSection(SolutionConfigurationPlatforms) = preSolution
		Debug|x64 = Debug|x64
		Debug|x86 = Debug|x86
		Release|x64 = Release|x64
		Release|x86 = Release|x86
	EndGlobalSection
	GlobalSection(ProjectConfigurationPlatforms) = postSolution
		{B5ED5B68-2BE1-42FF-AB3E-A034BE4D4ACB}.Debug|x64.ActiveCfg = Debug|x64
		{B5ED5B68-2BE1-42FF-AB3E-A034BE4D4ACB}.Debug|x64.Build.0 = Debug|x64
		{B5ED5B68-2BE1-42FF-AB3E-A034BE4D4ACB}.Debug|x86.ActiveCfg = Debug|Win32
		{B5ED5B68-2BE1-42FF-AB3E-A034BE4D4ACB}.Debug|x86.Build.0 = Debug|Win32
		{B5ED5B68-2BE1-42FF-AB3E-A034BE4D4ACB}.Release|x64.ActiveCfg = Release|x64
		{B5ED5B68-2BE1-42FF-AB3E-A034BE4D4ACB}.Release|x64.Build.0 = Release|x64
		{B5ED5B68-2BE1-42FF-AB3E-A034BE4D4ACB}.Release|x86.ActiveCfg = Release|Win32
		{B5ED5B68-2BE1-42FF-AB3E-A034BE4D4ACB}.Release|x86.Build.0 = Release|Win32
	EndGlobalSection
	GlobalSection(SolutionProperties) = preSolution
		HideSolutionNode = FALSE
	EndGlobalSection
	GlobalSection(ExtensibilityGlobals) = postSolution
		SolutionGuid = {F88E24CF-13C0-4DEA-9AA3-6885E8B71A89}
	EndGlobalSection
EndGlobal
